
Microsoft Visual Studio Solution File, Format Version 12.00
# Visual Studio Version 16
VisualStudioVersion = 16.0.32510.428
MinimumVisualStudioVersion = 10.0.40219.1
Project("{8BC9CEB8-8B4A-11D0-8D11-00A0C91BC942}") = "SortColor", "SortColor\SortColor.vcxproj", "{E24E5DF5-5D1C-49C6-928E-7EA3FCC00489}"
EndProject
Project("{8BC9CEB8-8B4A-11D0-8D11-00A0C91BC942}") = "TestSort", "TestSort\TestSort.vcxproj", "{EF1C1EE6-FE55-4FD1-8F76-9F6358BCCBC3}"
EndProject
Global
	GlobalSection(SolutionConfigurationPlatforms) = preSolution
		Debug|x64 = Debug|x64
		Debug|x86 = Debug|x86
		Release|x64 = Release|x64
		Release|x86 = Release|x86
	EndGlobalSection
	GlobalSection(ProjectConfigurationPlatforms) = postSolution
		{E24E5DF5-5D1C-49C6-928E-7EA3FCC00489}.Debug|x64.ActiveCfg = Debug|x64
		{E24E5DF5-5D1C-49C6-928E-7EA3FCC00489}.Debug|x64.Build.0 = Debug|x64
		{E24E5DF5-5D1C-49C6-928E-7EA3FCC00489}.Debug|x86.ActiveCfg = Debug|Win32
		{E24E5DF5-5D1C-49C6-928E-7EA3FCC00489}.Debug|x86.Build.0 = Debug|Win32
		{E24E5DF5-5D1C-49C6-928E-7EA3FCC00489}.Release|x64.ActiveCfg = Release|x64
		{E24E5DF5-5D1C-49C6-928E-7EA3FCC00489}.Release|x64.Build.0 = Release|x64
		{E24E5DF5-5D1C-49C6-928E-7EA3FCC00489}.Release|x86.ActiveCfg = Release|Win32
		{E24E5DF5-5D1C-49C6-928E-7EA3FCC00489}.Release|x86.Build.0 = Release|Win32
		{EF1C1EE6-FE55-4FD1-8F76-9F6358BCCBC3}.Debug|x64.ActiveCfg = Debug|x64
		{EF1C1EE6-FE55-4FD1-8F76-9F6358BCCBC3}.Debug|x64.Build.0 = Debug|x64
		{EF1C1EE6-FE55-4FD1-8F76-9F6358BCCBC3}.Debug|x86.ActiveCfg = Debug|Win32
		{EF1C1EE6-FE55-4FD1-8F76-9F6358BCCBC3}.Debug|x86.Build.0 = Debug|Win32
		{EF1C1EE6-FE55-4FD1-8F76-9F6358BCCBC3}.Release|x64.ActiveCfg = Release|x64
		{EF1C1EE6-FE55-4FD1-8F76-9F6358BCCBC3}.Release|x64.Build.0 = Release|x64
		{EF1C1EE6-FE55-4FD1-8F76-9F6358BCCBC3}.Release|x86.ActiveCfg = Release|Win32
		{EF1C1EE6-FE55-4FD1-8F76-9F6358BCCBC3}.Release|x86.Build.0 = Release|Win32
	EndGlobalSection
	GlobalSection(SolutionProperties) = preSolution
		HideSolutionNode = FALSE
	EndGlobalSection
	GlobalSection(ExtensibilityGlobals) = postSolution
		SolutionGuid = {C88AC5DA-01A0-4D4A-A401-2E467F81C996}
	EndGlobalSection
EndGlobal
